
Microsoft Visual Studio Solution File, Format Version 12.00
# Visual Studio 14
VisualStudioVersion = 14.0.25123.0
MinimumVisualStudioVersion = 10.0.40219.1
Project("{FAE04EC0-301F-11D3-BF4B-00C04F79EFBC}") = "Open School Library", "Open School Library\Open School Library.csproj", "{463E12A3-D134-4D7A-B9F6-AAA7E10E9F94}"
EndProject
Project("{FAE04EC0-301F-11D3-BF4B-00C04F79EFBC}") = "Open School Library.Tests", "Open School Library.Tests\Open School Library.Tests.csproj", "{FABF8925-D519-48F3-85A1-CC3DA698F628}"
EndProject
Global
	GlobalSection(SolutionConfigurationPlatforms) = preSolution
		Debug|Any CPU = Debug|Any CPU
		Release|Any CPU = Release|Any CPU
	EndGlobalSection
	GlobalSection(ProjectConfigurationPlatforms) = postSolution
		{463E12A3-D134-4D7A-B9F6-AAA7E10E9F94}.Debug|Any CPU.ActiveCfg = Debug|Any CPU
		{463E12A3-D134-4D7A-B9F6-AAA7E10E9F94}.Debug|Any CPU.Build.0 = Debug|Any CPU
		{463E12A3-D134-4D7A-B9F6-AAA7E10E9F94}.Release|Any CPU.ActiveCfg = Release|Any CPU
		{463E12A3-D134-4D7A-B9F6-AAA7E10E9F94}.Release|Any CPU.Build.0 = Release|Any CPU
		{FABF8925-D519-48F3-85A1-CC3DA698F628}.Debug|Any CPU.ActiveCfg = Debug|Any CPU
		{FABF8925-D519-48F3-85A1-CC3DA698F628}.Debug|Any CPU.Build.0 = Debug|Any CPU
		{FABF8925-D519-48F3-85A1-CC3DA698F628}.Release|Any CPU.ActiveCfg = Release|Any CPU
		{FABF8925-D519-48F3-85A1-CC3DA698F628}.Release|Any CPU.Build.0 = Release|Any CPU
	EndGlobalSection
	GlobalSection(SolutionProperties) = preSolution
		HideSolutionNode = FALSE
	EndGlobalSection
EndGlobal
